{
  "object": {
    "pins": [
      {
        "package": "CLISpinner",
        "repositoryURL": "https://github.com/kiliankoe/CLISpinner",
        "state": {
          "branch": null,
          "revision": "0572232b92ddfd80cbab4ced6973d1c210022968",
          "version": "0.4.0"
        }
      },
      {
        "package": "Rainbow",
        "repositoryURL": "https://github.com/onevcat/Rainbow",
        "state": {
          "branch": null,
          "revision": "626c3d4b6b55354b4af3aa309f998fae9b31a3d9",
          "version": "3.2.0"
        }
      },
      {
        "package": "swift-argument-parser",
        "repositoryURL": "https://github.com/apple/swift-argument-parser",
        "state": {
          "branch": null,
          "revision": "9564d61b08a5335ae0a36f789a7d71493eacadfc",
          "version": "0.3.2"
        }
      },
      {
        "package": "transifex",
        "repositoryURL": "https://github.com/transifex/transifex-swift",
        "state": {
          "branch": null,
          "revision": "7c1326b1a80fb37923cb4782d63293766ce8ffa7",
          "version": "1.0.1"
        }
      }
    ]
  },
  "version": 1
}
