{
  "object": {
    "pins": [
      {
        "package": "swift-argument-parser",
        "repositoryURL": "https://github.com/apple/swift-argument-parser",
        "state": {
          "branch": null,
          "revision": "9564d61b08a5335ae0a36f789a7d71493eacadfc",
          "version": "0.3.2"
        }
      },
      {
        "package": "transifex",
        "repositoryURL": "https://github.com/transifex/transifex-swift",
        "state": {
          "branch": null,
          "revision": "47d47d4eee281da15721285b86f75539d4061fff",
          "version": "0.5.0"
        }
      }
    ]
  },
  "version": 1
}
