{
  "object": {
    "pins": [
      {
        "package": "swift-argument-parser",
        "repositoryURL": "https://github.com/apple/swift-argument-parser",
        "state": {
          "branch": null,
          "revision": "92646c0cdbaca076c8d3d0207891785b3379cbff",
          "version": "0.3.1"
        }
      },
      {
        "package": "TransifexNative",
        "repositoryURL": "https://github.com/transifex/transifex-swift",
        "state": {
          "branch": "devel",
          "revision": "62e316d3b80eaa86da3ba453288f2ba71c0e4150",
          "version": null
        }
      }
    ]
  },
  "version": 1
}
